
Microsoft Visual Studio Solution File, Format Version 12.00
# Visual Studio 15
VisualStudioVersion = 15.0.27004.2005
MinimumVisualStudioVersion = 10.0.40219.1
Project("{9A19103F-16F7-4668-BE54-9A1E7A4F7556}") = "BestBankConnect", "BancoBestAPI\BestBankConnect.csproj", "{C1026A68-4DA7-43DC-BA26-EE4230ACB3F7}"
EndProject
Project("{9A19103F-16F7-4668-BE54-9A1E7A4F7556}") = "BestBankConnect.xUnitTest", "BancoBestAPI.Test\BestBankConnect.xUnitTest.csproj", "{A81B5E7D-E43A-4E8E-A8F6-FD9BEBB5E96F}"
EndProject
Global
	GlobalSection(SolutionConfigurationPlatforms) = preSolution
		Debug|Any CPU = Debug|Any CPU
		Release|Any CPU = Release|Any CPU
	EndGlobalSection
	GlobalSection(ProjectConfigurationPlatforms) = postSolution
		{C1026A68-4DA7-43DC-BA26-EE4230ACB3F7}.Debug|Any CPU.ActiveCfg = Debug|Any CPU
		{C1026A68-4DA7-43DC-BA26-EE4230ACB3F7}.Debug|Any CPU.Build.0 = Debug|Any CPU
		{C1026A68-4DA7-43DC-BA26-EE4230ACB3F7}.Release|Any CPU.ActiveCfg = Release|Any CPU
		{C1026A68-4DA7-43DC-BA26-EE4230ACB3F7}.Release|Any CPU.Build.0 = Release|Any CPU
		{A81B5E7D-E43A-4E8E-A8F6-FD9BEBB5E96F}.Debug|Any CPU.ActiveCfg = Debug|Any CPU
		{A81B5E7D-E43A-4E8E-A8F6-FD9BEBB5E96F}.Debug|Any CPU.Build.0 = Debug|Any CPU
		{A81B5E7D-E43A-4E8E-A8F6-FD9BEBB5E96F}.Release|Any CPU.ActiveCfg = Release|Any CPU
		{A81B5E7D-E43A-4E8E-A8F6-FD9BEBB5E96F}.Release|Any CPU.Build.0 = Release|Any CPU
	EndGlobalSection
	GlobalSection(SolutionProperties) = preSolution
		HideSolutionNode = FALSE
	EndGlobalSection
	GlobalSection(ExtensibilityGlobals) = postSolution
		SolutionGuid = {82CB7208-202F-4B62-99BA-453FC39BCACC}
	EndGlobalSection
EndGlobal
